
Microsoft Visual Studio Solution File, Format Version 12.00
# Visual Studio Version 17
VisualStudioVersion = 17.8.34330.188
MinimumVisualStudioVersion = 10.0.40219.1
Project("{FAE04EC0-301F-11D3-BF4B-00C04F79EFBC}") = "DotNetCore-WebAPI-AzureRedisCache", "DotNetCore-WebAPI-AzureRedisCache\DotNetCore-WebAPI-AzureRedisCache.csproj", "{8B3A9B31-0059-4721-8857-D0065CC120A5}"
EndProject
Global
	GlobalSection(SolutionConfigurationPlatforms) = preSolution
		Debug|Any CPU = Debug|Any CPU
		Release|Any CPU = Release|Any CPU
	EndGlobalSection
	GlobalSection(ProjectConfigurationPlatforms) = postSolution
		{8B3A9B31-0059-4721-8857-D0065CC120A5}.Debug|Any CPU.ActiveCfg = Debug|Any CPU
		{8B3A9B31-0059-4721-8857-D0065CC120A5}.Debug|Any CPU.Build.0 = Debug|Any CPU
		{8B3A9B31-0059-4721-8857-D0065CC120A5}.Release|Any CPU.ActiveCfg = Release|Any CPU
		{8B3A9B31-0059-4721-8857-D0065CC120A5}.Release|Any CPU.Build.0 = Release|Any CPU
	EndGlobalSection
	GlobalSection(SolutionProperties) = preSolution
		HideSolutionNode = FALSE
	EndGlobalSection
	GlobalSection(ExtensibilityGlobals) = postSolution
		SolutionGuid = {B601E307-36E6-4FFA-B8C1-C7548CD52A0E}
	EndGlobalSection
EndGlobal
